{
  "version": 4,
  "terraform_version": "1.10.0",
  "serial": 201,
  "lineage": "6c656f50-416f-6c1b-a7dd-0375cc87de84",
  "outputs": {
    "ALB_app1_pip": {
      "value": "52.156.22.174",
      "type": "string"
    },
    "HTTP_Link": {
      "value": "http://52.156.22.174",
      "type": "string"
    }
  },
  "resources": [
    {
      "mode": "data",
      "type": "azurerm_key_vault",
      "name": "main",
      "provider": "provider[\"registry.terraform.io/hashicorp/azurerm\"]",
      "instances": []
    },
    {
      "mode": "data",
      "type": "azurerm_network_security_group",
      "name": "external",
      "provider": "provider[\"registry.terraform.io/hashicorp/azurerm\"]",
      "instances": [
        {
          "schema_version": 0,
          "attributes": {
            "id": "/subscriptions/b9922b70-7518-4b04-bf9d-3aabbca45b0a/resourceGroups/sh-Overwatch/providers/Microsoft.Network/networkSecurityGroups/extNsg",
            "location": "canadacentral",
            "name": "extNsg",
            "resource_group_name": "sh-Overwatch",
            "security_rule": [
              {
                "access": "Allow",
                "description": "",
                "destination_address_prefix": "*",
                "destination_address_prefixes": [],
                "destination_application_security_group_ids": [],
                "destination_port_range": "",
                "destination_port_ranges": [
                  "443",
                  "514",
                  "80"
                ],
                "direction": "Inbound",
                "name": "AllowTagWebAndSyslogInbound",
                "priority": 100,
                "protocol": "Tcp",
                "source_address_prefix": "Internet",
                "source_address_prefixes": [],
                "source_application_security_group_ids": [],
                "source_port_range": "*",
                "source_port_ranges": []
              }
            ],
            "tags": {},
            "timeouts": null
          },
          "sensitive_attributes": []
        }
      ]
    },
    {
      "mode": "data",
      "type": "azurerm_network_security_group",
      "name": "internal",
      "provider": "provider[\"registry.terraform.io/hashicorp/azurerm\"]",
      "instances": [
        {
          "schema_version": 0,
          "attributes": {
            "id": "/subscriptions/b9922b70-7518-4b04-bf9d-3aabbca45b0a/resourceGroups/sh-Overwatch/providers/Microsoft.Network/networkSecurityGroups/intNsg",
            "location": "canadacentral",
            "name": "intNsg",
            "resource_group_name": "sh-Overwatch",
            "security_rule": [],
            "tags": {},
            "timeouts": null
          },
          "sensitive_attributes": []
        }
      ]
    },
    {
      "mode": "data",
      "type": "azurerm_network_security_group",
      "name": "mgmt",
      "provider": "provider[\"registry.terraform.io/hashicorp/azurerm\"]",
      "instances": [
        {
          "schema_version": 0,
          "attributes": {
            "id": "/subscriptions/b9922b70-7518-4b04-bf9d-3aabbca45b0a/resourceGroups/sh-Overwatch/providers/Microsoft.Network/networkSecurityGroups/mgmtNsg",
            "location": "canadacentral",
            "name": "mgmtNsg",
            "resource_group_name": "sh-Overwatch",
            "security_rule": [
              {
                "access": "Allow",
                "description": "",
                "destination_address_prefix": "*",
                "destination_address_prefixes": [],
                "destination_application_security_group_ids": [],
                "destination_port_range": "22",
                "destination_port_ranges": [],
                "direction": "Inbound",
                "name": "AllowMyIpAddressSSHInbound",
                "priority": 100,
                "protocol": "Tcp",
                "source_address_prefix": "174.113.5.85",
                "source_address_prefixes": [],
                "source_application_security_group_ids": [],
                "source_port_range": "*",
                "source_port_ranges": []
              },
              {
                "access": "Allow",
                "description": "",
                "destination_address_prefix": "*",
                "destination_address_prefixes": [],
                "destination_application_security_group_ids": [],
                "destination_port_range": "*",
                "destination_port_ranges": [],
                "direction": "Inbound",
                "name": "AllowMyIpAddressAnyInbound",
                "priority": 110,
                "protocol": "*",
                "source_address_prefix": "174.113.5.85",
                "source_address_prefixes": [],
                "source_application_security_group_ids": [],
                "source_port_range": "*",
                "source_port_ranges": []
              }
            ],
            "tags": {},
            "timeouts": null
          },
          "sensitive_attributes": []
        }
      ]
    },
    {
      "mode": "data",
      "type": "azurerm_resource_group",
      "name": "main",
      "provider": "provider[\"registry.terraform.io/hashicorp/azurerm\"]",
      "instances": [
        {
          "schema_version": 0,
          "attributes": {
            "id": "/subscriptions/b9922b70-7518-4b04-bf9d-3aabbca45b0a/resourceGroups/sh-Overwatch",
            "location": "canadacentral",
            "managed_by": "",
            "name": "sh-Overwatch",
            "tags": {},
            "timeouts": null
          },
          "sensitive_attributes": []
        }
      ]
    },
    {
      "mode": "data",
      "type": "azurerm_subnet",
      "name": "external",
      "provider": "provider[\"registry.terraform.io/hashicorp/azurerm\"]",
      "instances": [
        {
          "schema_version": 0,
          "attributes": {
            "address_prefix": "",
            "address_prefixes": [
              "10.127.252.0/24"
            ],
            "default_outbound_access_enabled": true,
            "id": "/subscriptions/b9922b70-7518-4b04-bf9d-3aabbca45b0a/resourceGroups/sh-Overwatch/providers/Microsoft.Network/virtualNetworks/Overwatch-subnet/subnets/external-subnet",
            "name": "external-subnet",
            "network_security_group_id": "/subscriptions/b9922b70-7518-4b04-bf9d-3aabbca45b0a/resourceGroups/sh-Overwatch/providers/Microsoft.Network/networkSecurityGroups/extNsg",
            "private_endpoint_network_policies": "Disabled",
            "private_link_service_network_policies_enabled": true,
            "resource_group_name": "sh-Overwatch",
            "route_table_id": "",
            "service_endpoints": [],
            "timeouts": null,
            "virtual_network_name": "Overwatch-subnet"
          },
          "sensitive_attributes": []
        }
      ]
    },
    {
      "mode": "data",
      "type": "azurerm_subnet",
      "name": "internal",
      "provider": "provider[\"registry.terraform.io/hashicorp/azurerm\"]",
      "instances": [
        {
          "schema_version": 0,
          "attributes": {
            "address_prefix": "",
            "address_prefixes": [
              "10.127.253.0/24"
            ],
            "default_outbound_access_enabled": true,
            "id": "/subscriptions/b9922b70-7518-4b04-bf9d-3aabbca45b0a/resourceGroups/sh-Overwatch/providers/Microsoft.Network/virtualNetworks/Overwatch-subnet/subnets/internal-subnet",
            "name": "internal-subnet",
            "network_security_group_id": "/subscriptions/b9922b70-7518-4b04-bf9d-3aabbca45b0a/resourceGroups/sh-Overwatch/providers/Microsoft.Network/networkSecurityGroups/intNsg",
            "private_endpoint_network_policies": "Disabled",
            "private_link_service_network_policies_enabled": true,
            "resource_group_name": "sh-Overwatch",
            "route_table_id": "",
            "service_endpoints": [],
            "timeouts": null,
            "virtual_network_name": "Overwatch-subnet"
          },
          "sensitive_attributes": []
        }
      ]
    },
    {
      "mode": "data",
      "type": "azurerm_subnet",
      "name": "mgmt",
      "provider": "provider[\"registry.terraform.io/hashicorp/azurerm\"]",
      "instances": [
        {
          "schema_version": 0,
          "attributes": {
            "address_prefix": "",
            "address_prefixes": [
              "10.127.254.0/24"
            ],
            "default_outbound_access_enabled": true,
            "id": "/subscriptions/b9922b70-7518-4b04-bf9d-3aabbca45b0a/resourceGroups/sh-Overwatch/providers/Microsoft.Network/virtualNetworks/Overwatch-subnet/subnets/mgmt-subnet",
            "name": "mgmt-subnet",
            "network_security_group_id": "/subscriptions/b9922b70-7518-4b04-bf9d-3aabbca45b0a/resourceGroups/sh-Overwatch/providers/Microsoft.Network/networkSecurityGroups/mgmtNsg",
            "private_endpoint_network_policies": "Disabled",
            "private_link_service_network_policies_enabled": true,
            "resource_group_name": "sh-Overwatch",
            "route_table_id": "",
            "service_endpoints": [
              "Microsoft.ContainerRegistry",
              "Microsoft.KeyVault",
              "Microsoft.Storage"
            ],
            "timeouts": null,
            "virtual_network_name": "Overwatch-subnet"
          },
          "sensitive_attributes": []
        }
      ]
    },
    {
      "mode": "data",
      "type": "azurerm_subscription",
      "name": "main",
      "provider": "provider[\"registry.terraform.io/hashicorp/azurerm\"]",
      "instances": [
        {
          "schema_version": 0,
          "attributes": {
            "display_name": "f5-AZR_4261_SALES_NA_FED",
            "id": "/subscriptions/b9922b70-7518-4b04-bf9d-3aabbca45b0a",
            "location_placement_id": "Public_2014-09-01",
            "quota_id": "EnterpriseAgreement_2014-09-01",
            "spending_limit": "Off",
            "state": "Enabled",
            "subscription_id": "b9922b70-7518-4b04-bf9d-3aabbca45b0a",
            "tags": {},
            "tenant_id": "e569f29e-b098-4cea-b6f0-48fa8532d64a",
            "timeouts": null
          },
          "sensitive_attributes": []
        }
      ]
    },
    {
      "mode": "data",
      "type": "azurerm_user_assigned_identity",
      "name": "main",
      "provider": "provider[\"registry.terraform.io/hashicorp/azurerm\"]",
      "instances": []
    },
    {
      "mode": "managed",
      "type": "azurerm_key_vault_access_policy",
      "name": "main",
      "provider": "provider[\"registry.terraform.io/hashicorp/azurerm\"]",
      "instances": []
    },
    {
      "mode": "managed",
      "type": "azurerm_lb",
      "name": "lb",
      "provider": "provider[\"registry.terraform.io/hashicorp/azurerm\"]",
      "instances": [
        {
          "schema_version": 0,
          "attributes": {
            "edge_zone": "",
            "frontend_ip_configuration": [
              {
                "gateway_load_balancer_frontend_ip_configuration_id": "",
                "id": "/subscriptions/b9922b70-7518-4b04-bf9d-3aabbca45b0a/resourceGroups/sh-Overwatch/providers/Microsoft.Network/loadBalancers/Sentinal-lb-c025/frontendIPConfigurations/LoadBalancerFrontEnd",
                "inbound_nat_rules": [],
                "load_balancer_rules": [
                  "/subscriptions/b9922b70-7518-4b04-bf9d-3aabbca45b0a/resourceGroups/sh-Overwatch/providers/Microsoft.Network/loadBalancers/Sentinal-lb-c025/loadBalancingRules/LBRule1"
                ],
                "name": "LoadBalancerFrontEnd",
                "outbound_rules": [],
                "private_ip_address": "",
                "private_ip_address_allocation": "Dynamic",
                "private_ip_address_version": "",
                "public_ip_address_id": "/subscriptions/b9922b70-7518-4b04-bf9d-3aabbca45b0a/resourceGroups/sh-Overwatch/providers/Microsoft.Network/publicIPAddresses/Sentinal-lb-pip-c025",
                "public_ip_prefix_id": "",
                "subnet_id": "",
                "zones": []
              }
            ],
            "id": "/subscriptions/b9922b70-7518-4b04-bf9d-3aabbca45b0a/resourceGroups/sh-Overwatch/providers/Microsoft.Network/loadBalancers/Sentinal-lb-c025",
            "location": "canadacentral",
            "name": "Sentinal-lb-c025",
            "private_ip_address": "",
            "private_ip_addresses": [],
            "resource_group_name": "sh-Overwatch",
            "sku": "Standard",
            "sku_tier": "Regional",
            "tags": {
              "owner": "s.hillier@f5.com"
            },
            "timeouts": null
          },
          "sensitive_attributes": [],
          "private": "eyJlMmJmYjczMC1lY2FhLTExZTYtOGY4OC0zNDM2M2JjN2M0YzAiOnsiY3JlYXRlIjoxODAwMDAwMDAwMDAwLCJkZWxldGUiOjE4MDAwMDAwMDAwMDAsInJlYWQiOjMwMDAwMDAwMDAwMCwidXBkYXRlIjoxODAwMDAwMDAwMDAwfX0=",
          "dependencies": [
            "azurerm_public_ip.lbpip",
            "data.azurerm_resource_group.main",
            "random_id.buildSuffix"
          ]
        }
      ]
    },
    {
      "mode": "managed",
      "type": "azurerm_lb_backend_address_pool",
      "name": "backend_pool",
      "provider": "provider[\"registry.terraform.io/hashicorp/azurerm\"]",
      "instances": [
        {
          "schema_version": 0,
          "attributes": {
            "backend_ip_configurations": [],
            "id": "/subscriptions/b9922b70-7518-4b04-bf9d-3aabbca45b0a/resourceGroups/sh-Overwatch/providers/Microsoft.Network/loadBalancers/Sentinal-lb-c025/backendAddressPools/BackendPool1",
            "inbound_nat_rules": [],
            "load_balancing_rules": [
              "/subscriptions/b9922b70-7518-4b04-bf9d-3aabbca45b0a/resourceGroups/sh-Overwatch/providers/Microsoft.Network/loadBalancers/Sentinal-lb-c025/loadBalancingRules/LBRule1"
            ],
            "loadbalancer_id": "/subscriptions/b9922b70-7518-4b04-bf9d-3aabbca45b0a/resourceGroups/sh-Overwatch/providers/Microsoft.Network/loadBalancers/Sentinal-lb-c025",
            "name": "BackendPool1",
            "outbound_rules": [],
            "synchronous_mode": "",
            "timeouts": null,
            "tunnel_interface": [],
            "virtual_network_id": ""
          },
          "sensitive_attributes": [],
          "private": "eyJlMmJmYjczMC1lY2FhLTExZTYtOGY4OC0zNDM2M2JjN2M0YzAiOnsiY3JlYXRlIjoxODAwMDAwMDAwMDAwLCJkZWxldGUiOjE4MDAwMDAwMDAwMDAsInJlYWQiOjMwMDAwMDAwMDAwMCwidXBkYXRlIjoxODAwMDAwMDAwMDAwfX0=",
          "dependencies": [
            "azurerm_lb.lb",
            "azurerm_public_ip.lbpip",
            "data.azurerm_resource_group.main",
            "random_id.buildSuffix"
          ]
        }
      ]
    },
    {
      "mode": "managed",
      "type": "azurerm_lb_probe",
      "name": "lb_probe",
      "provider": "provider[\"registry.terraform.io/hashicorp/azurerm\"]",
      "instances": [
        {
          "schema_version": 0,
          "attributes": {
            "id": "/subscriptions/b9922b70-7518-4b04-bf9d-3aabbca45b0a/resourceGroups/sh-Overwatch/providers/Microsoft.Network/loadBalancers/Sentinal-lb-c025/probes/tcpProbe",
            "interval_in_seconds": 5,
            "load_balancer_rules": [
              "/subscriptions/b9922b70-7518-4b04-bf9d-3aabbca45b0a/resourceGroups/sh-Overwatch/providers/Microsoft.Network/loadBalancers/Sentinal-lb-c025/loadBalancingRules/LBRule1"
            ],
            "loadbalancer_id": "/subscriptions/b9922b70-7518-4b04-bf9d-3aabbca45b0a/resourceGroups/sh-Overwatch/providers/Microsoft.Network/loadBalancers/Sentinal-lb-c025",
            "name": "tcpProbe",
            "number_of_probes": 2,
            "port": 80,
            "probe_threshold": 1,
            "protocol": "Tcp",
            "request_path": "",
            "timeouts": null
          },
          "sensitive_attributes": [],
          "private": "eyJlMmJmYjczMC1lY2FhLTExZTYtOGY4OC0zNDM2M2JjN2M0YzAiOnsiY3JlYXRlIjoxODAwMDAwMDAwMDAwLCJkZWxldGUiOjE4MDAwMDAwMDAwMDAsInJlYWQiOjMwMDAwMDAwMDAwMCwidXBkYXRlIjoxODAwMDAwMDAwMDAwfX0=",
          "dependencies": [
            "azurerm_lb.lb",
            "azurerm_public_ip.lbpip",
            "data.azurerm_resource_group.main",
            "random_id.buildSuffix"
          ]
        }
      ]
    },
    {
      "mode": "managed",
      "type": "azurerm_lb_rule",
      "name": "lb_rule1",
      "provider": "provider[\"registry.terraform.io/hashicorp/azurerm\"]",
      "instances": [
        {
          "schema_version": 0,
          "attributes": {
            "backend_address_pool_ids": [
              "/subscriptions/b9922b70-7518-4b04-bf9d-3aabbca45b0a/resourceGroups/sh-Overwatch/providers/Microsoft.Network/loadBalancers/Sentinal-lb-c025/backendAddressPools/BackendPool1"
            ],
            "backend_port": 80,
            "disable_outbound_snat": false,
            "enable_floating_ip": false,
            "enable_tcp_reset": false,
            "frontend_ip_configuration_id": "/subscriptions/b9922b70-7518-4b04-bf9d-3aabbca45b0a/resourceGroups/sh-Overwatch/providers/Microsoft.Network/loadBalancers/Sentinal-lb-c025/frontendIPConfigurations/LoadBalancerFrontEnd",
            "frontend_ip_configuration_name": "LoadBalancerFrontEnd",
            "frontend_port": 80,
            "id": "/subscriptions/b9922b70-7518-4b04-bf9d-3aabbca45b0a/resourceGroups/sh-Overwatch/providers/Microsoft.Network/loadBalancers/Sentinal-lb-c025/loadBalancingRules/LBRule1",
            "idle_timeout_in_minutes": 5,
            "load_distribution": "Default",
            "loadbalancer_id": "/subscriptions/b9922b70-7518-4b04-bf9d-3aabbca45b0a/resourceGroups/sh-Overwatch/providers/Microsoft.Network/loadBalancers/Sentinal-lb-c025",
            "name": "LBRule1",
            "probe_id": "/subscriptions/b9922b70-7518-4b04-bf9d-3aabbca45b0a/resourceGroups/sh-Overwatch/providers/Microsoft.Network/loadBalancers/Sentinal-lb-c025/probes/tcpProbe",
            "protocol": "Tcp",
            "timeouts": null
          },
          "sensitive_attributes": [],
          "private": "eyJlMmJmYjczMC1lY2FhLTExZTYtOGY4OC0zNDM2M2JjN2M0YzAiOnsiY3JlYXRlIjoxODAwMDAwMDAwMDAwLCJkZWxldGUiOjE4MDAwMDAwMDAwMDAsInJlYWQiOjMwMDAwMDAwMDAwMCwidXBkYXRlIjoxODAwMDAwMDAwMDAwfX0=",
          "dependencies": [
            "azurerm_lb.lb",
            "azurerm_lb_backend_address_pool.backend_pool",
            "azurerm_lb_probe.lb_probe",
            "azurerm_public_ip.lbpip",
            "data.azurerm_resource_group.main",
            "random_id.buildSuffix"
          ]
        }
      ]
    },
    {
      "mode": "managed",
      "type": "azurerm_log_analytics_workspace",
      "name": "main",
      "provider": "provider[\"registry.terraform.io/hashicorp/azurerm\"]",
      "instances": [
        {
          "schema_version": 3,
          "attributes": {
            "allow_resource_only_permissions": true,
            "cmk_for_query_forced": false,
            "daily_quota_gb": -1,
            "data_collection_rule_id": "",
            "id": "/subscriptions/b9922b70-7518-4b04-bf9d-3aabbca45b0a/resourceGroups/sh-Overwatch/providers/Microsoft.OperationalInsights/workspaces/Sentinal-law-c025",
            "identity": [],
            "immediate_data_purge_on_30_days_enabled": false,
            "internet_ingestion_enabled": true,
            "internet_query_enabled": true,
            "local_authentication_disabled": false,
            "location": "canadacentral",
            "name": "Sentinal-law-c025",
            "primary_shared_key": "viCRlP0smjLhSS9Wzksc8EiNbxST+rxls0NypLoZDPsq44OWT01gEICgzCxYJSXpbJpEFwhrq+27fWmCoaSV7Q==",
            "reservation_capacity_in_gb_per_day": null,
            "resource_group_name": "sh-Overwatch",
            "retention_in_days": 90,
            "secondary_shared_key": "arg/anHxrqJmGcYvR8EAhIyYcN7zLLRSaPhSxpnEBfDye3P7CfZpth311l+dEXOGWiiK7MJwvT4D2y8UGmS7NA==",
            "sku": "PerGB2018",
            "tags": {
              "owner": "s.hillier@f5.com"
            },
            "timeouts": null,
            "workspace_id": "00d593ab-4da1-4c70-b52b-1512a160ccb4"
          },
          "sensitive_attributes": [
            [
              {
                "type": "get_attr",
                "value": "primary_shared_key"
              }
            ],
            [
              {
                "type": "get_attr",
                "value": "secondary_shared_key"
              }
            ]
          ],
          "private": "eyJlMmJmYjczMC1lY2FhLTExZTYtOGY4OC0zNDM2M2JjN2M0YzAiOnsiY3JlYXRlIjoxODAwMDAwMDAwMDAwLCJkZWxldGUiOjE4MDAwMDAwMDAwMDAsInJlYWQiOjMwMDAwMDAwMDAwMCwidXBkYXRlIjoxODAwMDAwMDAwMDAwfSwic2NoZW1hX3ZlcnNpb24iOiIzIn0=",
          "dependencies": [
            "data.azurerm_resource_group.main",
            "random_id.buildSuffix"
          ]
        }
      ]
    },
    {
      "mode": "managed",
      "type": "azurerm_public_ip",
      "name": "lbpip",
      "provider": "provider[\"registry.terraform.io/hashicorp/azurerm\"]",
      "instances": [
        {
          "schema_version": 0,
          "attributes": {
            "allocation_method": "Static",
            "ddos_protection_mode": "VirtualNetworkInherited",
            "ddos_protection_plan_id": null,
            "domain_name_label": "overwatch-lbpip",
            "domain_name_label_scope": "",
            "edge_zone": "",
            "fqdn": "overwatch-lbpip.canadacentral.cloudapp.azure.com",
            "id": "/subscriptions/b9922b70-7518-4b04-bf9d-3aabbca45b0a/resourceGroups/sh-Overwatch/providers/Microsoft.Network/publicIPAddresses/Sentinal-lb-pip-c025",
            "idle_timeout_in_minutes": 4,
            "ip_address": "52.156.22.174",
            "ip_tags": {},
            "ip_version": "IPv4",
            "location": "canadacentral",
            "name": "Sentinal-lb-pip-c025",
            "public_ip_prefix_id": null,
            "resource_group_name": "sh-Overwatch",
            "reverse_fqdn": "",
            "sku": "Standard",
            "sku_tier": "Regional",
            "tags": {
              "owner": "s.hillier@f5.com"
            },
            "timeouts": null,
            "zones": []
          },
          "sensitive_attributes": [],
          "private": "eyJlMmJmYjczMC1lY2FhLTExZTYtOGY4OC0zNDM2M2JjN2M0YzAiOnsiY3JlYXRlIjoxODAwMDAwMDAwMDAwLCJkZWxldGUiOjE4MDAwMDAwMDAwMDAsInJlYWQiOjMwMDAwMDAwMDAwMCwidXBkYXRlIjoxODAwMDAwMDAwMDAwfX0=",
          "dependencies": [
            "data.azurerm_resource_group.main",
            "random_id.buildSuffix"
          ]
        }
      ]
    },
    {
      "mode": "managed",
      "type": "random_id",
      "name": "buildSuffix",
      "provider": "provider[\"registry.terraform.io/hashicorp/random\"]",
      "instances": [
        {
          "schema_version": 0,
          "attributes": {
            "b64_std": "wCU=",
            "b64_url": "wCU",
            "byte_length": 2,
            "dec": "49189",
            "hex": "c025",
            "id": "wCU",
            "keepers": null,
            "prefix": null
          },
          "sensitive_attributes": []
        }
      ]
    }
  ],
  "check_results": null
}
